
Microsoft Visual Studio Solution File, Format Version 12.00
# Visual Studio Version 16
VisualStudioVersion = 16.0.32802.440
MinimumVisualStudioVersion = 10.0.40219.1
Project("{FAE04EC0-301F-11D3-BF4B-00C04F79EFBC}") = "CheckoutTask", "CheckoutTask\CheckoutTask.csproj", "{27F08487-5982-46F3-8ACB-9FE2E17BE89C}"
EndProject
Project("{FAE04EC0-301F-11D3-BF4B-00C04F79EFBC}") = "CheckoutTask.Library", "CheckoutTask.Library\CheckoutTask.Library.csproj", "{914ADBAD-4C80-413A-913A-B6E8152E861C}"
EndProject
Project("{FAE04EC0-301F-11D3-BF4B-00C04F79EFBC}") = "CheckoutTask.Library.Tests", "CheckoutTask.Library.Tests\CheckoutTask.Library.Tests.csproj", "{5C2357BD-66AA-4C7F-B4DF-E9E0180E2C9A}"
EndProject
Global
	GlobalSection(SolutionConfigurationPlatforms) = preSolution
		Debug|Any CPU = Debug|Any CPU
		Release|Any CPU = Release|Any CPU
	EndGlobalSection
	GlobalSection(ProjectConfigurationPlatforms) = postSolution
		{27F08487-5982-46F3-8ACB-9FE2E17BE89C}.Debug|Any CPU.ActiveCfg = Debug|Any CPU
		{27F08487-5982-46F3-8ACB-9FE2E17BE89C}.Debug|Any CPU.Build.0 = Debug|Any CPU
		{27F08487-5982-46F3-8ACB-9FE2E17BE89C}.Release|Any CPU.ActiveCfg = Release|Any CPU
		{27F08487-5982-46F3-8ACB-9FE2E17BE89C}.Release|Any CPU.Build.0 = Release|Any CPU
		{914ADBAD-4C80-413A-913A-B6E8152E861C}.Debug|Any CPU.ActiveCfg = Debug|Any CPU
		{914ADBAD-4C80-413A-913A-B6E8152E861C}.Debug|Any CPU.Build.0 = Debug|Any CPU
		{914ADBAD-4C80-413A-913A-B6E8152E861C}.Release|Any CPU.ActiveCfg = Release|Any CPU
		{914ADBAD-4C80-413A-913A-B6E8152E861C}.Release|Any CPU.Build.0 = Release|Any CPU
		{5C2357BD-66AA-4C7F-B4DF-E9E0180E2C9A}.Debug|Any CPU.ActiveCfg = Debug|Any CPU
		{5C2357BD-66AA-4C7F-B4DF-E9E0180E2C9A}.Debug|Any CPU.Build.0 = Debug|Any CPU
		{5C2357BD-66AA-4C7F-B4DF-E9E0180E2C9A}.Release|Any CPU.ActiveCfg = Release|Any CPU
		{5C2357BD-66AA-4C7F-B4DF-E9E0180E2C9A}.Release|Any CPU.Build.0 = Release|Any CPU
	EndGlobalSection
	GlobalSection(SolutionProperties) = preSolution
		HideSolutionNode = FALSE
	EndGlobalSection
	GlobalSection(ExtensibilityGlobals) = postSolution
		SolutionGuid = {2DCEDC3F-2CBF-4E48-8EE2-BDFF3B5C26C9}
	EndGlobalSection
EndGlobal
